
Microsoft Visual Studio Solution File, Format Version 12.00
# Visual Studio 15
VisualStudioVersion = 15.0.28307.489
MinimumVisualStudioVersion = 10.0.40219.1
Project("{FAE04EC0-301F-11D3-BF4B-00C04F79EFBC}") = "CarInsurance1", "CarInsurance1\CarInsurance1.csproj", "{409496DC-728A-4B38-A42E-7473EADC8641}"
EndProject
Global
	GlobalSection(SolutionConfigurationPlatforms) = preSolution
		Debug|Any CPU = Debug|Any CPU
		Release|Any CPU = Release|Any CPU
	EndGlobalSection
	GlobalSection(ProjectConfigurationPlatforms) = postSolution
		{409496DC-728A-4B38-A42E-7473EADC8641}.Debug|Any CPU.ActiveCfg = Debug|Any CPU
		{409496DC-728A-4B38-A42E-7473EADC8641}.Debug|Any CPU.Build.0 = Debug|Any CPU
		{409496DC-728A-4B38-A42E-7473EADC8641}.Release|Any CPU.ActiveCfg = Release|Any CPU
		{409496DC-728A-4B38-A42E-7473EADC8641}.Release|Any CPU.Build.0 = Release|Any CPU
	EndGlobalSection
	GlobalSection(SolutionProperties) = preSolution
		HideSolutionNode = FALSE
	EndGlobalSection
	GlobalSection(ExtensibilityGlobals) = postSolution
		SolutionGuid = {E248273C-559D-49BF-9EFD-826F2371F80A}
	EndGlobalSection
EndGlobal
